
Microsoft Visual Studio Solution File, Format Version 12.00
# Visual Studio Version 17
VisualStudioVersion = 17.0.31903.59
MinimumVisualStudioVersion = 10.0.40219.1
Project("{FAE04EC0-301F-11D3-BF4B-00C04F79EFBC}") = "WindowScheduler", "WindowScheduler\WindowScheduler.csproj", "{67AFE8A9-83B9-46D0-8984-CE57C94BD861}"
EndProject
Global
	GlobalSection(SolutionConfigurationPlatforms) = preSolution
		Debug|Any CPU = Debug|Any CPU
		Release|Any CPU = Release|Any CPU
	EndGlobalSection
	GlobalSection(ProjectConfigurationPlatforms) = postSolution
		{67AFE8A9-83B9-46D0-8984-CE57C94BD861}.Debug|Any CPU.ActiveCfg = Debug|Any CPU
		{67AFE8A9-83B9-46D0-8984-CE57C94BD861}.Debug|Any CPU.Build.0 = Debug|Any CPU
		{67AFE8A9-83B9-46D0-8984-CE57C94BD861}.Release|Any CPU.ActiveCfg = Release|Any CPU
		{67AFE8A9-83B9-46D0-8984-CE57C94BD861}.Release|Any CPU.Build.0 = Release|Any CPU
	EndGlobalSection
	GlobalSection(SolutionProperties) = preSolution
		HideSolutionNode = FALSE
	EndGlobalSection
	GlobalSection(ExtensibilityGlobals) = postSolution
		SolutionGuid = {BC72A668-3F2B-40B7-AD8D-C33B5802B97C}
	EndGlobalSection
EndGlobal
